
Microsoft Visual Studio Solution File, Format Version 12.00
# Visual Studio Version 17
VisualStudioVersion = 17.10.34916.146
MinimumVisualStudioVersion = 10.0.40219.1
Project("{9A19103F-16F7-4668-BE54-9A1E7A4F7556}") = "ReactApp1.Server", "ReactApp1.Server\ReactApp1.Server.csproj", "{E18FBFEE-5082-41E5-BA2B-E83D2FA43148}"
EndProject
Project("{54A90642-561A-4BB1-A94E-469ADEE60C69}") = "reactapp1.client", "reactapp1.client\reactapp1.client.esproj", "{1E16CA4B-87B8-4D77-9C4B-431EE45C1B7F}"
EndProject
Project("{00D1A9C2-B5F0-4AF3-8072-F6C62B433612}") = "Database1", "Database1\Database1.sqlproj", "{06D4A209-141E-47FA-97E1-CA61C88FCE08}"
EndProject
Global
	GlobalSection(SolutionConfigurationPlatforms) = preSolution
		Debug|Any CPU = Debug|Any CPU
		Release|Any CPU = Release|Any CPU
	EndGlobalSection
	GlobalSection(ProjectConfigurationPlatforms) = postSolution
		{E18FBFEE-5082-41E5-BA2B-E83D2FA43148}.Debug|Any CPU.ActiveCfg = Debug|Any CPU
		{E18FBFEE-5082-41E5-BA2B-E83D2FA43148}.Debug|Any CPU.Build.0 = Debug|Any CPU
		{E18FBFEE-5082-41E5-BA2B-E83D2FA43148}.Release|Any CPU.ActiveCfg = Release|Any CPU
		{E18FBFEE-5082-41E5-BA2B-E83D2FA43148}.Release|Any CPU.Build.0 = Release|Any CPU
		{1E16CA4B-87B8-4D77-9C4B-431EE45C1B7F}.Debug|Any CPU.ActiveCfg = Debug|Any CPU
		{1E16CA4B-87B8-4D77-9C4B-431EE45C1B7F}.Debug|Any CPU.Build.0 = Debug|Any CPU
		{1E16CA4B-87B8-4D77-9C4B-431EE45C1B7F}.Debug|Any CPU.Deploy.0 = Debug|Any CPU
		{1E16CA4B-87B8-4D77-9C4B-431EE45C1B7F}.Release|Any CPU.ActiveCfg = Release|Any CPU
		{1E16CA4B-87B8-4D77-9C4B-431EE45C1B7F}.Release|Any CPU.Build.0 = Release|Any CPU
		{1E16CA4B-87B8-4D77-9C4B-431EE45C1B7F}.Release|Any CPU.Deploy.0 = Release|Any CPU
		{06D4A209-141E-47FA-97E1-CA61C88FCE08}.Debug|Any CPU.ActiveCfg = Debug|Any CPU
		{06D4A209-141E-47FA-97E1-CA61C88FCE08}.Debug|Any CPU.Build.0 = Debug|Any CPU
		{06D4A209-141E-47FA-97E1-CA61C88FCE08}.Debug|Any CPU.Deploy.0 = Debug|Any CPU
		{06D4A209-141E-47FA-97E1-CA61C88FCE08}.Release|Any CPU.ActiveCfg = Release|Any CPU
		{06D4A209-141E-47FA-97E1-CA61C88FCE08}.Release|Any CPU.Build.0 = Release|Any CPU
		{06D4A209-141E-47FA-97E1-CA61C88FCE08}.Release|Any CPU.Deploy.0 = Release|Any CPU
	EndGlobalSection
	GlobalSection(SolutionProperties) = preSolution
		HideSolutionNode = FALSE
	EndGlobalSection
	GlobalSection(ExtensibilityGlobals) = postSolution
		SolutionGuid = {AE0AA7FB-8BB2-4F23-9F4E-C22DD18E0CD0}
	EndGlobalSection
EndGlobal
